<?xml version="1.0" encoding="utf-8"?>
<Project ToolsVersion="4.0" xmlns="http://schemas.microsoft.com/developer/msbuild/2003">
  <ItemGroup>
    <Filter Include="Archivos de origen">
      <UniqueIdentifier>{4FC737F1-C7A5-4376-A066-2A32D752A2FF}</UniqueIdentifier>
      <Extensions>cpp;c;cc;cxx;c++;cppm;ixx;def;odl;idl;hpj;bat;asm;asmx</Extensions>
    </Filter>
    <Filter Include="Archivos de encabezado">
      <UniqueIdentifier>{93995380-89BD-4b04-88EB-625FBE52EBFB}</UniqueIdentifier>
      <Extensions>h;hh;hpp;hxx;h++;hm;inl;inc;ipp;xsd</Extensions>
    </Filter>
    <Filter Include="Archivos de recursos">
      <UniqueIdentifier>{67DA6AB6-F800-4c08-8B7A-83BB121AAD01}</UniqueIdentifier>
      <Extensions>rc;ico;cur;bmp;dlg;rc2;rct;bin;rgs;gif;jpg;jpeg;jpe;resx;tiff;tif;png;wav;mfcribbon-ms</Extensions>
    </Filter>
    <Filter Include="Archivos de origen\T2">
      <UniqueIdentifier>{c0dec59f-a3a0-481b-8d37-e2e7311689a1}</UniqueIdentifier>
    </Filter>
    <Filter Include="Archivos de origen\T1">
      <UniqueIdentifier>{b44101fd-91b4-4921-8ce7-994a681e863e}</UniqueIdentifier>
    </Filter>
    <Filter Include="Archivos de origen\T3">
      <UniqueIdentifier>{b41a6ad7-528a-44ea-93e3-8c6beb559613}</UniqueIdentifier>
    </Filter>
    <Filter Include="Archivos de origen\T4">
      <UniqueIdentifier>{9775d76e-bf4d-44e6-901d-b1d3172699e9}</UniqueIdentifier>
    </Filter>
    <Filter Include="Archivos de origen\T5">
      <UniqueIdentifier>{6384f4a5-4eb0-4428-a5f1-40425914e4a4}</UniqueIdentifier>
    </Filter>
    <Filter Include="Archivos de origen\T6">
      <UniqueIdentifier>{65a2d91d-c648-4ae2-9157-a91a46af1b8c}</UniqueIdentifier>
    </Filter>
    <Filter Include="Archivos de origen\T7">
      <UniqueIdentifier>{4effb3e0-e08d-420f-829d-cdcc961f7d2f}</UniqueIdentifier>
    </Filter>
    <Filter Include="Archivos de origen\T8">
      <UniqueIdentifier>{a771de84-ae84-44cf-98de-4fa0024cb37c}</UniqueIdentifier>
    </Filter>
    <Filter Include="Archivos de origen\T9">
      <UniqueIdentifier>{187a7e50-e60e-4b86-9983-d5b88608eabd}</UniqueIdentifier>
    </Filter>
    <Filter Include="Archivos de origen\TA">
      <UniqueIdentifier>{7d561eb4-c07b-4623-9dfb-575082778cb9}</UniqueIdentifier>
    </Filter>
    <Filter Include="Archivos de origen\TB">
      <UniqueIdentifier>{77c1ace9-e2a2-45a0-86e6-5217e6e0bcf7}</UniqueIdentifier>
    </Filter>
    <Filter Include="Archivos de origen\R">
      <UniqueIdentifier>{57d7be6c-7bb5-4b49-a11e-8627b52b04e3}</UniqueIdentifier>
    </Filter>
  </ItemGroup>
  <ItemGroup>
    <ClCompile Include="T2\2-1.cpp">
      <Filter>Archivos de origen\T2</Filter>
    </ClCompile>
    <ClCompile Include="T2\2-2.cpp">
      <Filter>Archivos de origen\T2</Filter>
    </ClCompile>
    <ClCompile Include="T2\2-3.cpp">
      <Filter>Archivos de origen\T2</Filter>
    </ClCompile>
    <ClCompile Include="T1\1-1.cpp">
      <Filter>Archivos de origen\T1</Filter>
    </ClCompile>
    <ClCompile Include="T1\1-1Pablo.cpp">
      <Filter>Archivos de origen\T1</Filter>
    </ClCompile>
    <ClCompile Include="T1\1-2.cpp">
      <Filter>Archivos de origen\T1</Filter>
    </ClCompile>
    <ClCompile Include="T2\2-4.cpp">
      <Filter>Archivos de origen\T2</Filter>
    </ClCompile>
    <ClCompile Include="T2\2-5.cpp">
      <Filter>Archivos de origen\T2</Filter>
    </ClCompile>
    <ClCompile Include="T2\2-L.cpp">
      <Filter>Archivos de origen\T2</Filter>
    </ClCompile>
    <ClCompile Include="T3\3-1.cpp">
      <Filter>Archivos de origen\T3</Filter>
    </ClCompile>
    <ClCompile Include="T3\3-2.cpp">
      <Filter>Archivos de origen\T3</Filter>
    </ClCompile>
    <ClCompile Include="T3\3-3.cpp">
      <Filter>Archivos de origen\T3</Filter>
    </ClCompile>
    <ClCompile Include="T3\3-L.cpp">
      <Filter>Archivos de origen\T3</Filter>
    </ClCompile>
    <ClCompile Include="T4\4-1.cpp">
      <Filter>Archivos de origen\T4</Filter>
    </ClCompile>
    <ClCompile Include="T4\4-2.cpp">
      <Filter>Archivos de origen\T4</Filter>
    </ClCompile>
    <ClCompile Include="T4\4-3.cpp">
      <Filter>Archivos de origen\T4</Filter>
    </ClCompile>
    <ClCompile Include="T4\4-4.cpp">
      <Filter>Archivos de origen\T4</Filter>
    </ClCompile>
    <ClCompile Include="T4\4-5.cpp">
      <Filter>Archivos de origen\T4</Filter>
    </ClCompile>
    <ClCompile Include="T4\4-L.cpp">
      <Filter>Archivos de origen\T4</Filter>
    </ClCompile>
    <ClCompile Include="T4\4-6.cpp">
      <Filter>Archivos de origen\T4</Filter>
    </ClCompile>
    <ClCompile Include="T3\3-4.cpp">
      <Filter>Archivos de origen\T3</Filter>
    </ClCompile>
    <ClCompile Include="T5\5-1.cpp">
      <Filter>Archivos de origen\T5</Filter>
    </ClCompile>
    <ClCompile Include="T5\5-2.cpp">
      <Filter>Archivos de origen\T5</Filter>
    </ClCompile>
    <ClCompile Include="T5\5-3.cpp">
      <Filter>Archivos de origen\T5</Filter>
    </ClCompile>
    <ClCompile Include="T5\5-4.cpp">
      <Filter>Archivos de origen\T5</Filter>
    </ClCompile>
    <ClCompile Include="T5\5-L.cpp">
      <Filter>Archivos de origen\T5</Filter>
    </ClCompile>
    <ClCompile Include="T6\6-1.cpp">
      <Filter>Archivos de origen\T6</Filter>
    </ClCompile>
    <ClCompile Include="T6\6-2.cpp">
      <Filter>Archivos de origen\T6</Filter>
    </ClCompile>
    <ClCompile Include="T6\6-L.cpp">
      <Filter>Archivos de origen\T6</Filter>
    </ClCompile>
    <ClCompile Include="T7\7-1.cpp">
      <Filter>Archivos de origen\T7</Filter>
    </ClCompile>
    <ClCompile Include="T7\7-2.cpp">
      <Filter>Archivos de origen\T7</Filter>
    </ClCompile>
    <ClCompile Include="T7\7-3.cpp">
      <Filter>Archivos de origen\T7</Filter>
    </ClCompile>
    <ClCompile Include="T8\8-1.cpp">
      <Filter>Archivos de origen\T8</Filter>
    </ClCompile>
    <ClCompile Include="T8\8-2.cpp">
      <Filter>Archivos de origen\T8</Filter>
    </ClCompile>
    <ClCompile Include="T8\8-3.cpp">
      <Filter>Archivos de origen\T8</Filter>
    </ClCompile>
    <ClCompile Include="T9\9-1.cpp">
      <Filter>Archivos de origen\T9</Filter>
    </ClCompile>
    <ClCompile Include="T9\9-2.cpp">
      <Filter>Archivos de origen\T9</Filter>
    </ClCompile>
    <ClCompile Include="T9\9-3.cpp">
      <Filter>Archivos de origen\T9</Filter>
    </ClCompile>
    <ClCompile Include="T9\9-4.cpp">
      <Filter>Archivos de origen\T9</Filter>
    </ClCompile>
    <ClCompile Include="T9\9-L.cpp">
      <Filter>Archivos de origen\T9</Filter>
    </ClCompile>
    <ClCompile Include="TA\A-1.cpp">
      <Filter>Archivos de origen\TA</Filter>
    </ClCompile>
    <ClCompile Include="TB\B-4.cpp">
      <Filter>Archivos de origen\TB</Filter>
    </ClCompile>
    <ClCompile Include="T3\T3.3.cpp">
      <Filter>Archivos de origen\T3</Filter>
    </ClCompile>
    <ClCompile Include="T3\T3.4.cpp">
      <Filter>Archivos de origen\T3</Filter>
    </ClCompile>
    <ClCompile Include="T3\T3.L.cpp">
      <Filter>Archivos de origen\T3</Filter>
    </ClCompile>
    <ClCompile Include="T4\T4.6.cpp">
      <Filter>Archivos de origen\T4</Filter>
    </ClCompile>
    <ClCompile Include="T4\T4.7.cpp">
      <Filter>Archivos de origen\T4</Filter>
    </ClCompile>
    <ClCompile Include="T5\T5.2.cpp">
      <Filter>Archivos de origen\T5</Filter>
    </ClCompile>
    <ClCompile Include="T5\T5.5.cpp">
      <Filter>Archivos de origen\T5</Filter>
    </ClCompile>
    <ClCompile Include="T6\T6.L.cpp">
      <Filter>Archivos de origen\T6</Filter>
    </ClCompile>
    <ClCompile Include="T7\T7.L.cpp">
      <Filter>Archivos de origen\T7</Filter>
    </ClCompile>
    <ClCompile Include="R\R1.cpp">
      <Filter>Archivos de origen\R</Filter>
    </ClCompile>
  </ItemGroup>
</Project>